// !$*UTF8*$!
{
	archiveVersion = 1;
	classes = {
	};
	objectVersion = 56;
	objects = {

/* Begin PBXBuildFile section */
		337F0AC52A5675EB00E7164C /* main.m in Sources */ = {isa = PBXBuildFile; fileRef = 337F0AC42A5675EB00E7164C /* main.m */; };
		337F0ACD2A56767600E7164C /* CanBo.m in Sources */ = {isa = PBXBuildFile; fileRef = 337F0ACC2A56767600E7164C /* CanBo.m */; };
		337F0AD02A58169700E7164C /* GiangVien.m in Sources */ = {isa = PBXBuildFile; fileRef = 337F0ACF2A58169700E7164C /* GiangVien.m */; };
/* End PBXBuildFile section */

/* Begin PBXCopyFilesBuildPhase section */
		337F0ABF2A5675EB00E7164C /* CopyFiles */ = {
			isa = PBXCopyFilesBuildPhase;
			buildActionMask = 2147483647;
			dstPath = /usr/share/man/man1/;
			dstSubfolderSpec = 0;
			files = (
			);
			runOnlyForDeploymentPostprocessing = 1;
		};
/* End PBXCopyFilesBuildPhase section */

/* Begin PBXFileReference section */
		337F0AC12A5675EB00E7164C /* QuanLyCanBo */ = {isa = PBXFileReference; explicitFileType = "compiled.mach-o.executable"; includeInIndex = 0; path = QuanLyCanBo; sourceTree = BUILT_PRODUCTS_DIR; };
		337F0AC42A5675EB00E7164C /* main.m */ = {isa = PBXFileReference; lastKnownFileType = sourcecode.c.objc; path = main.m; sourceTree = "<group>"; };
		337F0ACB2A56767600E7164C /* CanBo.h */ = {isa = PBXFileReference; lastKnownFileType = sourcecode.c.h; path = CanBo.h; sourceTree = "<group>"; };
		337F0ACC2A56767600E7164C /* CanBo.m */ = {isa = PBXFileReference; lastKnownFileType = sourcecode.c.objc; path = CanBo.m; sourceTree = "<group>"; };
		337F0ACE2A58169700E7164C /* GiangVien.h */ = {isa = PBXFileReference; lastKnownFileType = sourcecode.c.h; path = GiangVien.h; sourceTree = "<group>"; };
		337F0ACF2A58169700E7164C /* GiangVien.m */ = {isa = PBXFileReference; lastKnownFileType = sourcecode.c.objc; path = GiangVien.m; sourceTree = "<group>"; };
/* End PBXFileReference section */

/* Begin PBXFrameworksBuildPhase section */
		337F0ABE2A5675EB00E7164C /* Frameworks */ = {
			isa = PBXFrameworksBuildPhase;
			buildActionMask = 2147483647;
			files = (
			);
			runOnlyForDeploymentPostprocessing = 0;
		};
/* End PBXFrameworksBuildPhase section */

/* Begin PBXGroup section */
		337F0AB82A5675EB00E7164C = {
			isa = PBXGroup;
			children = (
				337F0AC32A5675EB00E7164C /* QuanLyCanBo */,
				337F0AC22A5675EB00E7164C /* Products */,
			);
			sourceTree = "<group>";
		};
		337F0AC22A5675EB00E7164C /* Products */ = {
			isa = PBXGroup;
			children = (
				337F0AC12A5675EB00E7164C /* QuanLyCanBo */,
			);
			name = Products;
			sourceTree = "<group>";
		};
		337F0AC32A5675EB00E7164C /* QuanLyCanBo */ = {
			isa = PBXGroup;
			children = (
				337F0AC42A5675EB00E7164C /* main.m */,
				337F0ACB2A56767600E7164C /* CanBo.h */,
				337F0ACC2A56767600E7164C /* CanBo.m */,
				337F0ACE2A58169700E7164C /* GiangVien.h */,
				337F0ACF2A58169700E7164C /* GiangVien.m */,
			);
			path = QuanLyCanBo;
			sourceTree = "<group>";
		};
/* End PBXGroup section */

/* Begin PBXNativeTarget section */
		337F0AC02A5675EB00E7164C /* QuanLyCanBo */ = {
			isa = PBXNativeTarget;
			buildConfigurationList = 337F0AC82A5675EB00E7164C /* Build configuration list for PBXNativeTarget "QuanLyCanBo" */;
			buildPhases = (
				337F0ABD2A5675EB00E7164C /* Sources */,
				337F0ABE2A5675EB00E7164C /* Frameworks */,
				337F0ABF2A5675EB00E7164C /* CopyFiles */,
			);
			buildRules = (
			);
			dependencies = (
			);
			name = QuanLyCanBo;
			productName = QuanLyCanBo;
			productReference = 337F0AC12A5675EB00E7164C /* QuanLyCanBo */;
			productType = "com.apple.product-type.tool";
		};
/* End PBXNativeTarget section */

/* Begin PBXProject section */
		337F0AB92A5675EB00E7164C /* Project object */ = {
			isa = PBXProject;
			attributes = {
				BuildIndependentTargetsInParallel = 1;
				LastUpgradeCheck = 1420;
				TargetAttributes = {
					337F0AC02A5675EB00E7164C = {
						CreatedOnToolsVersion = 14.2;
					};
				};
			};
			buildConfigurationList = 337F0ABC2A5675EB00E7164C /* Build configuration list for PBXProject "QuanLyCanBo" */;
			compatibilityVersion = "Xcode 14.0";
			developmentRegion = en;
			hasScannedForEncodings = 0;
			knownRegions = (
				en,
				Base,
			);
			mainGroup = 337F0AB82A5675EB00E7164C;
			productRefGroup = 337F0AC22A5675EB00E7164C /* Products */;
			projectDirPath = "";
			projectRoot = "";
			targets = (
				337F0AC02A5675EB00E7164C /* QuanLyCanBo */,
			);
		};
/* End PBXProject section */

/* Begin PBXSourcesBuildPhase section */
		337F0ABD2A5675EB00E7164C /* Sources */ = {
			isa = PBXSourcesBuildPhase;
			buildActionMask = 2147483647;
			files = (
				337F0AC52A5675EB00E7164C /* main.m in Sources */,
				337F0AD02A58169700E7164C /* GiangVien.m in Sources */,
				337F0ACD2A56767600E7164C /* CanBo.m in Sources */,
			);
			runOnlyForDeploymentPostprocessing = 0;
		};
/* End PBXSourcesBuildPhase section */

/* Begin XCBuildConfiguration section */
		337F0AC62A5675EB00E7164C /* Debug */ = {
			isa = XCBuildConfiguration;
			buildSettings = {
				ALWAYS_SEARCH_USER_PATHS = NO;
				CLANG_ANALYZER_NONNULL = YES;
				CLANG_ANALYZER_NUMBER_OBJECT_CONVERSION = YES_AGGRESSIVE;
				CLANG_CXX_LANGUAGE_STANDARD = "gnu++20";
				CLANG_ENABLE_MODULES = YES;
				CLANG_ENABLE_OBJC_ARC = YES;
				CLANG_ENABLE_OBJC_WEAK = YES;
				CLANG_WARN_BLOCK_CAPTURE_AUTORELEASING = YES;
				CLANG_WARN_BOOL_CONVERSION = YES;
				CLANG_WARN_COMMA = YES;
				CLANG_WARN_CONSTANT_CONVERSION = YES;
				CLANG_WARN_DEPRECATED_OBJC_IMPLEMENTATIONS = YES;
				CLANG_WARN_DIRECT_OBJC_ISA_USAGE = YES_ERROR;
				CLANG_WARN_DOCUMENTATION_COMMENTS = YES;
				CLANG_WARN_EMPTY_BODY = YES;
				CLANG_WARN_ENUM_CONVERSION = YES;
				CLANG_WARN_INFINITE_RECURSION = YES;
				CLANG_WARN_INT_CONVERSION = YES;
				CLANG_WARN_NON_LITERAL_NULL_CONVERSION = YES;
				CLANG_WARN_OBJC_IMPLICIT_RETAIN_SELF = YES;
				CLANG_WARN_OBJC_LITERAL_CONVERSION = YES;
				CLANG_WARN_OBJC_ROOT_CLASS = YES_ERROR;
				CLANG_WARN_QUOTED_INCLUDE_IN_FRAMEWORK_HEADER = YES;
				CLANG_WARN_RANGE_LOOP_ANALYSIS = YES;
				CLANG_WARN_STRICT_PROTOTYPES = YES;
				CLANG_WARN_SUSPICIOUS_MOVE = YES;
				CLANG_WARN_UNGUARDED_AVAILABILITY = YES_AGGRESSIVE;
				CLANG_WARN_UNREACHABLE_CODE = YES;
				CLANG_WARN__DUPLICATE_METHOD_MATCH = YES;
				COPY_PHASE_STRIP = NO;
				DEBUG_INFORMATION_FORMAT = dwarf;
				ENABLE_STRICT_OBJC_MSGSEND = YES;
				ENABLE_TESTABILITY = YES;
				GCC_C_LANGUAGE_STANDARD = gnu11;
				GCC_DYNAMIC_NO_PIC = NO;
				GCC_NO_COMMON_BLOCKS = YES;
				GCC_OPTIMIZATION_LEVEL = 0;
				GCC_PREPROCESSOR_DEFINITIONS = (
					"DEBUG=1",
					"$(inherited)",
				);
				GCC_WARN_64_TO_32_BIT_CONVERSION = YES;
				GCC_WARN_ABOUT_RETURN_TYPE = YES_ERROR;
				GCC_WARN_UNDECLARED_SELECTOR = YES;
				GCC_WARN_UNINITIALIZED_AUTOS = YES_AGGRESSIVE;
				GCC_WARN_UNUSED_FUNCTION = YES;
				GCC_WARN_UNUSED_VARIABLE = YES;
				MACOSX_DEPLOYMENT_TARGET = 12.6;
				MTL_ENABLE_DEBUG_INFO = INCLUDE_SOURCE;
				MTL_FAST_MATH = YES;
				ONLY_ACTIVE_ARCH = YES;
				SDKROOT = macosx;
			};
			name = Debug;
		};
		337F0AC72A5675EB00E7164C /* Release */ = {
			isa = XCBuildConfiguration;
			buildSettings = {
				ALWAYS_SEARCH_USER_PATHS = NO;
				CLANG_ANALYZER_NONNULL = YES;
				CLANG_ANALYZER_NUMBER_OBJECT_CONVERSION = YES_AGGRESSIVE;
				CLANG_CXX_LANGUAGE_STANDARD = "gnu++20";
				CLANG_ENABLE_MODULES = YES;
				CLANG_ENABLE_OBJC_ARC = YES;
				CLANG_ENABLE_OBJC_WEAK = YES;
				CLANG_WARN_BLOCK_CAPTURE_AUTORELEASING = YES;
				CLANG_WARN_BOOL_CONVERSION = YES;
				CLANG_WARN_COMMA = YES;
				CLANG_WARN_CONSTANT_CONVERSION = YES;
				CLANG_WARN_DEPRECATED_OBJC_IMPLEMENTATIONS = YES;
				CLANG_WARN_DIRECT_OBJC_ISA_USAGE = YES_ERROR;
				CLANG_WARN_DOCUMENTATION_COMMENTS = YES;
				CLANG_WARN_EMPTY_BODY = YES;
				CLANG_WARN_ENUM_CONVERSION = YES;
				CLANG_WARN_INFINITE_RECURSION = YES;
				CLANG_WARN_INT_CONVERSION = YES;
				CLANG_WARN_NON_LITERAL_NULL_CONVERSION = YES;
				CLANG_WARN_OBJC_IMPLICIT_RETAIN_SELF = YES;
				CLANG_WARN_OBJC_LITERAL_CONVERSION = YES;
				CLANG_WARN_OBJC_ROOT_CLASS = YES_ERROR;
				CLANG_WARN_QUOTED_INCLUDE_IN_FRAMEWORK_HEADER = YES;
				CLANG_WARN_RANGE_LOOP_ANALYSIS = YES;
				CLANG_WARN_STRICT_PROTOTYPES = YES;
				CLANG_WARN_SUSPICIOUS_MOVE = YES;
				CLANG_WARN_UNGUARDED_AVAILABILITY = YES_AGGRESSIVE;
				CLANG_WARN_UNREACHABLE_CODE = YES;
				CLANG_WARN__DUPLICATE_METHOD_MATCH = YES;
				COPY_PHASE_STRIP = NO;
				DEBUG_INFORMATION_FORMAT = "dwarf-with-dsym";
				ENABLE_NS_ASSERTIONS = NO;
				ENABLE_STRICT_OBJC_MSGSEND = YES;
				GCC_C_LANGUAGE_STANDARD = gnu11;
				GCC_NO_COMMON_BLOCKS = YES;
				GCC_WARN_64_TO_32_BIT_CONVERSION = YES;
				GCC_WARN_ABOUT_RETURN_TYPE = YES_ERROR;
				GCC_WARN_UNDECLARED_SELECTOR = YES;
				GCC_WARN_UNINITIALIZED_AUTOS = YES_AGGRESSIVE;
				GCC_WARN_UNUSED_FUNCTION = YES;
				GCC_WARN_UNUSED_VARIABLE = YES;
				MACOSX_DEPLOYMENT_TARGET = 12.6;
				MTL_ENABLE_DEBUG_INFO = NO;
				MTL_FAST_MATH = YES;
				SDKROOT = macosx;
			};
			name = Release;
		};
		337F0AC92A5675EB00E7164C /* Debug */ = {
			isa = XCBuildConfiguration;
			buildSettings = {
				CODE_SIGN_STYLE = Automatic;
				DEVELOPMENT_TEAM = KNC45XJ93M;
				ENABLE_HARDENED_RUNTIME = YES;
				PRODUCT_NAME = "$(TARGET_NAME)";
			};
			name = Debug;
		};
		337F0ACA2A5675EB00E7164C /* Release */ = {
			isa = XCBuildConfiguration;
			buildSettings = {
				CODE_SIGN_STYLE = Automatic;
				DEVELOPMENT_TEAM = KNC45XJ93M;
				ENABLE_HARDENED_RUNTIME = YES;
				PRODUCT_NAME = "$(TARGET_NAME)";
			};
			name = Release;
		};
/* End XCBuildConfiguration section */

/* Begin XCConfigurationList section */
		337F0ABC2A5675EB00E7164C /* Build configuration list for PBXProject "QuanLyCanBo" */ = {
			isa = XCConfigurationList;
			buildConfigurations = (
				337F0AC62A5675EB00E7164C /* Debug */,
				337F0AC72A5675EB00E7164C /* Release */,
			);
			defaultConfigurationIsVisible = 0;
			defaultConfigurationName = Release;
		};
		337F0AC82A5675EB00E7164C /* Build configuration list for PBXNativeTarget "QuanLyCanBo" */ = {
			isa = XCConfigurationList;
			buildConfigurations = (
				337F0AC92A5675EB00E7164C /* Debug */,
				337F0ACA2A5675EB00E7164C /* Release */,
			);
			defaultConfigurationIsVisible = 0;
			defaultConfigurationName = Release;
		};
/* End XCConfigurationList section */
	};
	rootObject = 337F0AB92A5675EB00E7164C /* Project object */;
}
